// !$*UTF8*$!
{
	archiveVersion = 1;
	classes = {
	};
	objectVersion = 50;
	objects = {

/* Begin PBXBuildFile section */
		EB251F10257E693800038F5D /* RetouchViewController.swift in Sources */ = {isa = PBXBuildFile; fileRef = EB251F0F257E693800038F5D /* RetouchViewController.swift */; };
		EB30F88A2581B84500E93AAE /* RetouchStatus.swift in Sources */ = {isa = PBXBuildFile; fileRef = EB30F8892581B84500E93AAE /* RetouchStatus.swift */; };
		EB30F88E2581FA8600E93AAE /* FilterProp.swift in Sources */ = {isa = PBXBuildFile; fileRef = EB30F88D2581FA8600E93AAE /* FilterProp.swift */; };
		EB30F89A25820FF500E93AAE /* PhotoEffectUIView.swift in Sources */ = {isa = PBXBuildFile; fileRef = EB30F89925820FF500E93AAE /* PhotoEffectUIView.swift */; };
		EB30F89D258210AC00E93AAE /* PhotoEffectEnum.swift in Sources */ = {isa = PBXBuildFile; fileRef = EB30F89C258210AC00E93AAE /* PhotoEffectEnum.swift */; };
		EB30F8A02582703700E93AAE /* DraggableTextField.swift in Sources */ = {isa = PBXBuildFile; fileRef = EB30F89F2582703700E93AAE /* DraggableTextField.swift */; };
		EB30F8A3258279F400E93AAE /* TextFieldInfo.swift in Sources */ = {isa = PBXBuildFile; fileRef = EB30F8A2258279F400E93AAE /* TextFieldInfo.swift */; };
		EBE140C2257FBA63009B5249 /* PhotoCell.swift in Sources */ = {isa = PBXBuildFile; fileRef = EBE140C1257FBA63009B5249 /* PhotoCell.swift */; };
		EBFD5C74257E5BBC0049A1EC /* AppDelegate.swift in Sources */ = {isa = PBXBuildFile; fileRef = EBFD5C73257E5BBC0049A1EC /* AppDelegate.swift */; };
		EBFD5C76257E5BBC0049A1EC /* SceneDelegate.swift in Sources */ = {isa = PBXBuildFile; fileRef = EBFD5C75257E5BBC0049A1EC /* SceneDelegate.swift */; };
		EBFD5C7B257E5BBC0049A1EC /* Main.storyboard in Resources */ = {isa = PBXBuildFile; fileRef = EBFD5C79257E5BBC0049A1EC /* Main.storyboard */; };
		EBFD5C7D257E5BBF0049A1EC /* Assets.xcassets in Resources */ = {isa = PBXBuildFile; fileRef = EBFD5C7C257E5BBF0049A1EC /* Assets.xcassets */; };
		EBFD5C80257E5BBF0049A1EC /* LaunchScreen.storyboard in Resources */ = {isa = PBXBuildFile; fileRef = EBFD5C7E257E5BBF0049A1EC /* LaunchScreen.storyboard */; };
		EBFD5C89257E64F90049A1EC /* EditImageUIView.swift in Sources */ = {isa = PBXBuildFile; fileRef = EBFD5C88257E64F90049A1EC /* EditImageUIView.swift */; };
		EBFD5C8D257E67E20049A1EC /* MainViewController.swift in Sources */ = {isa = PBXBuildFile; fileRef = EBFD5C8C257E67E20049A1EC /* MainViewController.swift */; };
/* End PBXBuildFile section */

/* Begin PBXFileReference section */
		EB251F0F257E693800038F5D /* RetouchViewController.swift */ = {isa = PBXFileReference; lastKnownFileType = sourcecode.swift; path = RetouchViewController.swift; sourceTree = "<group>"; };
		EB30F8892581B84500E93AAE /* RetouchStatus.swift */ = {isa = PBXFileReference; lastKnownFileType = sourcecode.swift; path = RetouchStatus.swift; sourceTree = "<group>"; };
		EB30F88D2581FA8600E93AAE /* FilterProp.swift */ = {isa = PBXFileReference; lastKnownFileType = sourcecode.swift; path = FilterProp.swift; sourceTree = "<group>"; };
		EB30F89925820FF500E93AAE /* PhotoEffectUIView.swift */ = {isa = PBXFileReference; lastKnownFileType = sourcecode.swift; path = PhotoEffectUIView.swift; sourceTree = "<group>"; };
		EB30F89C258210AC00E93AAE /* PhotoEffectEnum.swift */ = {isa = PBXFileReference; lastKnownFileType = sourcecode.swift; path = PhotoEffectEnum.swift; sourceTree = "<group>"; };
		EB30F89F2582703700E93AAE /* DraggableTextField.swift */ = {isa = PBXFileReference; lastKnownFileType = sourcecode.swift; path = DraggableTextField.swift; sourceTree = "<group>"; };
		EB30F8A2258279F400E93AAE /* TextFieldInfo.swift */ = {isa = PBXFileReference; lastKnownFileType = sourcecode.swift; path = TextFieldInfo.swift; sourceTree = "<group>"; };
		EBE140C1257FBA63009B5249 /* PhotoCell.swift */ = {isa = PBXFileReference; lastKnownFileType = sourcecode.swift; path = PhotoCell.swift; sourceTree = "<group>"; };
		EBFD5C70257E5BBC0049A1EC /* photo-retouch.app */ = {isa = PBXFileReference; explicitFileType = wrapper.application; includeInIndex = 0; path = "photo-retouch.app"; sourceTree = BUILT_PRODUCTS_DIR; };
		EBFD5C73257E5BBC0049A1EC /* AppDelegate.swift */ = {isa = PBXFileReference; lastKnownFileType = sourcecode.swift; path = AppDelegate.swift; sourceTree = "<group>"; };
		EBFD5C75257E5BBC0049A1EC /* SceneDelegate.swift */ = {isa = PBXFileReference; lastKnownFileType = sourcecode.swift; path = SceneDelegate.swift; sourceTree = "<group>"; };
		EBFD5C7A257E5BBC0049A1EC /* Base */ = {isa = PBXFileReference; lastKnownFileType = file.storyboard; name = Base; path = Base.lproj/Main.storyboard; sourceTree = "<group>"; };
		EBFD5C7C257E5BBF0049A1EC /* Assets.xcassets */ = {isa = PBXFileReference; lastKnownFileType = folder.assetcatalog; path = Assets.xcassets; sourceTree = "<group>"; };
		EBFD5C7F257E5BBF0049A1EC /* Base */ = {isa = PBXFileReference; lastKnownFileType = file.storyboard; name = Base; path = Base.lproj/LaunchScreen.storyboard; sourceTree = "<group>"; };
		EBFD5C81257E5BBF0049A1EC /* Info.plist */ = {isa = PBXFileReference; lastKnownFileType = text.plist.xml; path = Info.plist; sourceTree = "<group>"; };
		EBFD5C88257E64F90049A1EC /* EditImageUIView.swift */ = {isa = PBXFileReference; lastKnownFileType = sourcecode.swift; path = EditImageUIView.swift; sourceTree = "<group>"; };
		EBFD5C8C257E67E20049A1EC /* MainViewController.swift */ = {isa = PBXFileReference; lastKnownFileType = sourcecode.swift; path = MainViewController.swift; sourceTree = "<group>"; };
/* End PBXFileReference section */

/* Begin PBXFrameworksBuildPhase section */
		EBFD5C6D257E5BBB0049A1EC /* Frameworks */ = {
			isa = PBXFrameworksBuildPhase;
			buildActionMask = 2147483647;
			files = (
			);
			runOnlyForDeploymentPostprocessing = 0;
		};
/* End PBXFrameworksBuildPhase section */

/* Begin PBXGroup section */
		EBFD5C67257E5BBB0049A1EC = {
			isa = PBXGroup;
			children = (
				EBFD5C72257E5BBC0049A1EC /* photo-retouch */,
				EBFD5C71257E5BBC0049A1EC /* Products */,
			);
			sourceTree = "<group>";
		};
		EBFD5C71257E5BBC0049A1EC /* Products */ = {
			isa = PBXGroup;
			children = (
				EBFD5C70257E5BBC0049A1EC /* photo-retouch.app */,
			);
			name = Products;
			sourceTree = "<group>";
		};
		EBFD5C72257E5BBC0049A1EC /* photo-retouch */ = {
			isa = PBXGroup;
			children = (
				EBFD5C88257E64F90049A1EC /* EditImageUIView.swift */,
				EBFD5C8C257E67E20049A1EC /* MainViewController.swift */,
				EBFD5C73257E5BBC0049A1EC /* AppDelegate.swift */,
				EBFD5C75257E5BBC0049A1EC /* SceneDelegate.swift */,
				EBFD5C79257E5BBC0049A1EC /* Main.storyboard */,
				EB30F89F2582703700E93AAE /* DraggableTextField.swift */,
				EB30F8892581B84500E93AAE /* RetouchStatus.swift */,
				EB30F8A2258279F400E93AAE /* TextFieldInfo.swift */,
				EB30F88D2581FA8600E93AAE /* FilterProp.swift */,
				EB30F89C258210AC00E93AAE /* PhotoEffectEnum.swift */,
				EBE140C1257FBA63009B5249 /* PhotoCell.swift */,
				EB251F0F257E693800038F5D /* RetouchViewController.swift */,
				EBFD5C7C257E5BBF0049A1EC /* Assets.xcassets */,
				EBFD5C7E257E5BBF0049A1EC /* LaunchScreen.storyboard */,
				EBFD5C81257E5BBF0049A1EC /* Info.plist */,
				EB30F89925820FF500E93AAE /* PhotoEffectUIView.swift */,
			);
			path = "photo-retouch";
			sourceTree = "<group>";
		};
/* End PBXGroup section */

/* Begin PBXNativeTarget section */
		EBFD5C6F257E5BBB0049A1EC /* photo-retouch */ = {
			isa = PBXNativeTarget;
			buildConfigurationList = EBFD5C84257E5BBF0049A1EC /* Build configuration list for PBXNativeTarget "photo-retouch" */;
			buildPhases = (
				EBFD5C6C257E5BBB0049A1EC /* Sources */,
				EBFD5C6D257E5BBB0049A1EC /* Frameworks */,
				EBFD5C6E257E5BBB0049A1EC /* Resources */,
			);
			buildRules = (
			);
			dependencies = (
			);
			name = "photo-retouch";
			productName = "photo-retouch";
			productReference = EBFD5C70257E5BBC0049A1EC /* photo-retouch.app */;
			productType = "com.apple.product-type.application";
		};
/* End PBXNativeTarget section */

/* Begin PBXProject section */
		EBFD5C68257E5BBB0049A1EC /* Project object */ = {
			isa = PBXProject;
			attributes = {
				LastSwiftUpdateCheck = 1210;
				LastUpgradeCheck = 1210;
				TargetAttributes = {
					EBFD5C6F257E5BBB0049A1EC = {
						CreatedOnToolsVersion = 12.1;
					};
				};
			};
			buildConfigurationList = EBFD5C6B257E5BBB0049A1EC /* Build configuration list for PBXProject "photo-retouch" */;
			compatibilityVersion = "Xcode 9.3";
			developmentRegion = en;
			hasScannedForEncodings = 0;
			knownRegions = (
				en,
				Base,
			);
			mainGroup = EBFD5C67257E5BBB0049A1EC;
			productRefGroup = EBFD5C71257E5BBC0049A1EC /* Products */;
			projectDirPath = "";
			projectRoot = "";
			targets = (
				EBFD5C6F257E5BBB0049A1EC /* photo-retouch */,
			);
		};
/* End PBXProject section */

/* Begin PBXResourcesBuildPhase section */
		EBFD5C6E257E5BBB0049A1EC /* Resources */ = {
			isa = PBXResourcesBuildPhase;
			buildActionMask = 2147483647;
			files = (
				EBFD5C80257E5BBF0049A1EC /* LaunchScreen.storyboard in Resources */,
				EBFD5C7D257E5BBF0049A1EC /* Assets.xcassets in Resources */,
				EBFD5C7B257E5BBC0049A1EC /* Main.storyboard in Resources */,
			);
			runOnlyForDeploymentPostprocessing = 0;
		};
/* End PBXResourcesBuildPhase section */

/* Begin PBXSourcesBuildPhase section */
		EBFD5C6C257E5BBB0049A1EC /* Sources */ = {
			isa = PBXSourcesBuildPhase;
			buildActionMask = 2147483647;
			files = (
				EB251F10257E693800038F5D /* RetouchViewController.swift in Sources */,
				EBFD5C74257E5BBC0049A1EC /* AppDelegate.swift in Sources */,
				EB30F89D258210AC00E93AAE /* PhotoEffectEnum.swift in Sources */,
				EB30F8A3258279F400E93AAE /* TextFieldInfo.swift in Sources */,
				EB30F89A25820FF500E93AAE /* PhotoEffectUIView.swift in Sources */,
				EB30F88E2581FA8600E93AAE /* FilterProp.swift in Sources */,
				EBFD5C89257E64F90049A1EC /* EditImageUIView.swift in Sources */,
				EB30F88A2581B84500E93AAE /* RetouchStatus.swift in Sources */,
				EBFD5C76257E5BBC0049A1EC /* SceneDelegate.swift in Sources */,
				EBE140C2257FBA63009B5249 /* PhotoCell.swift in Sources */,
				EBFD5C8D257E67E20049A1EC /* MainViewController.swift in Sources */,
				EB30F8A02582703700E93AAE /* DraggableTextField.swift in Sources */,
			);
			runOnlyForDeploymentPostprocessing = 0;
		};
/* End PBXSourcesBuildPhase section */

/* Begin PBXVariantGroup section */
		EBFD5C79257E5BBC0049A1EC /* Main.storyboard */ = {
			isa = PBXVariantGroup;
			children = (
				EBFD5C7A257E5BBC0049A1EC /* Base */,
			);
			name = Main.storyboard;
			sourceTree = "<group>";
		};
		EBFD5C7E257E5BBF0049A1EC /* LaunchScreen.storyboard */ = {
			isa = PBXVariantGroup;
			children = (
				EBFD5C7F257E5BBF0049A1EC /* Base */,
			);
			name = LaunchScreen.storyboard;
			sourceTree = "<group>";
		};
/* End PBXVariantGroup section */

/* Begin XCBuildConfiguration section */
		EBFD5C82257E5BBF0049A1EC /* Debug */ = {
			isa = XCBuildConfiguration;
			buildSettings = {
				ALWAYS_SEARCH_USER_PATHS = NO;
				CLANG_ANALYZER_NONNULL = YES;
				CLANG_ANALYZER_NUMBER_OBJECT_CONVERSION = YES_AGGRESSIVE;
				CLANG_CXX_LANGUAGE_STANDARD = "gnu++14";
				CLANG_CXX_LIBRARY = "libc++";
				CLANG_ENABLE_MODULES = YES;
				CLANG_ENABLE_OBJC_ARC = YES;
				CLANG_ENABLE_OBJC_WEAK = YES;
				CLANG_WARN_BLOCK_CAPTURE_AUTORELEASING = YES;
				CLANG_WARN_BOOL_CONVERSION = YES;
				CLANG_WARN_COMMA = YES;
				CLANG_WARN_CONSTANT_CONVERSION = YES;
				CLANG_WARN_DEPRECATED_OBJC_IMPLEMENTATIONS = YES;
				CLANG_WARN_DIRECT_OBJC_ISA_USAGE = YES_ERROR;
				CLANG_WARN_DOCUMENTATION_COMMENTS = YES;
				CLANG_WARN_EMPTY_BODY = YES;
				CLANG_WARN_ENUM_CONVERSION = YES;
				CLANG_WARN_INFINITE_RECURSION = YES;
				CLANG_WARN_INT_CONVERSION = YES;
				CLANG_WARN_NON_LITERAL_NULL_CONVERSION = YES;
				CLANG_WARN_OBJC_IMPLICIT_RETAIN_SELF = YES;
				CLANG_WARN_OBJC_LITERAL_CONVERSION = YES;
				CLANG_WARN_OBJC_ROOT_CLASS = YES_ERROR;
				CLANG_WARN_QUOTED_INCLUDE_IN_FRAMEWORK_HEADER = YES;
				CLANG_WARN_RANGE_LOOP_ANALYSIS = YES;
				CLANG_WARN_STRICT_PROTOTYPES = YES;
				CLANG_WARN_SUSPICIOUS_MOVE = YES;
				CLANG_WARN_UNGUARDED_AVAILABILITY = YES_AGGRESSIVE;
				CLANG_WARN_UNREACHABLE_CODE = YES;
				CLANG_WARN__DUPLICATE_METHOD_MATCH = YES;
				COPY_PHASE_STRIP = NO;
				DEBUG_INFORMATION_FORMAT = dwarf;
				ENABLE_STRICT_OBJC_MSGSEND = YES;
				ENABLE_TESTABILITY = YES;
				GCC_C_LANGUAGE_STANDARD = gnu11;
				GCC_DYNAMIC_NO_PIC = NO;
				GCC_NO_COMMON_BLOCKS = YES;
				GCC_OPTIMIZATION_LEVEL = 0;
				GCC_PREPROCESSOR_DEFINITIONS = (
					"DEBUG=1",
					"$(inherited)",
				);
				GCC_WARN_64_TO_32_BIT_CONVERSION = YES;
				GCC_WARN_ABOUT_RETURN_TYPE = YES_ERROR;
				GCC_WARN_UNDECLARED_SELECTOR = YES;
				GCC_WARN_UNINITIALIZED_AUTOS = YES_AGGRESSIVE;
				GCC_WARN_UNUSED_FUNCTION = YES;
				GCC_WARN_UNUSED_VARIABLE = YES;
				IPHONEOS_DEPLOYMENT_TARGET = 14.1;
				MTL_ENABLE_DEBUG_INFO = INCLUDE_SOURCE;
				MTL_FAST_MATH = YES;
				ONLY_ACTIVE_ARCH = YES;
				SDKROOT = iphoneos;
				SWIFT_ACTIVE_COMPILATION_CONDITIONS = DEBUG;
				SWIFT_OPTIMIZATION_LEVEL = "-Onone";
			};
			name = Debug;
		};
		EBFD5C83257E5BBF0049A1EC /* Release */ = {
			isa = XCBuildConfiguration;
			buildSettings = {
				ALWAYS_SEARCH_USER_PATHS = NO;
				CLANG_ANALYZER_NONNULL = YES;
				CLANG_ANALYZER_NUMBER_OBJECT_CONVERSION = YES_AGGRESSIVE;
				CLANG_CXX_LANGUAGE_STANDARD = "gnu++14";
				CLANG_CXX_LIBRARY = "libc++";
				CLANG_ENABLE_MODULES = YES;
				CLANG_ENABLE_OBJC_ARC = YES;
				CLANG_ENABLE_OBJC_WEAK = YES;
				CLANG_WARN_BLOCK_CAPTURE_AUTORELEASING = YES;
				CLANG_WARN_BOOL_CONVERSION = YES;
				CLANG_WARN_COMMA = YES;
				CLANG_WARN_CONSTANT_CONVERSION = YES;
				CLANG_WARN_DEPRECATED_OBJC_IMPLEMENTATIONS = YES;
				CLANG_WARN_DIRECT_OBJC_ISA_USAGE = YES_ERROR;
				CLANG_WARN_DOCUMENTATION_COMMENTS = YES;
				CLANG_WARN_EMPTY_BODY = YES;
				CLANG_WARN_ENUM_CONVERSION = YES;
				CLANG_WARN_INFINITE_RECURSION = YES;
				CLANG_WARN_INT_CONVERSION = YES;
				CLANG_WARN_NON_LITERAL_NULL_CONVERSION = YES;
				CLANG_WARN_OBJC_IMPLICIT_RETAIN_SELF = YES;
				CLANG_WARN_OBJC_LITERAL_CONVERSION = YES;
				CLANG_WARN_OBJC_ROOT_CLASS = YES_ERROR;
				CLANG_WARN_QUOTED_INCLUDE_IN_FRAMEWORK_HEADER = YES;
				CLANG_WARN_RANGE_LOOP_ANALYSIS = YES;
				CLANG_WARN_STRICT_PROTOTYPES = YES;
				CLANG_WARN_SUSPICIOUS_MOVE = YES;
				CLANG_WARN_UNGUARDED_AVAILABILITY = YES_AGGRESSIVE;
				CLANG_WARN_UNREACHABLE_CODE = YES;
				CLANG_WARN__DUPLICATE_METHOD_MATCH = YES;
				COPY_PHASE_STRIP = NO;
				DEBUG_INFORMATION_FORMAT = "dwarf-with-dsym";
				ENABLE_NS_ASSERTIONS = NO;
				ENABLE_STRICT_OBJC_MSGSEND = YES;
				GCC_C_LANGUAGE_STANDARD = gnu11;
				GCC_NO_COMMON_BLOCKS = YES;
				GCC_WARN_64_TO_32_BIT_CONVERSION = YES;
				GCC_WARN_ABOUT_RETURN_TYPE = YES_ERROR;
				GCC_WARN_UNDECLARED_SELECTOR = YES;
				GCC_WARN_UNINITIALIZED_AUTOS = YES_AGGRESSIVE;
				GCC_WARN_UNUSED_FUNCTION = YES;
				GCC_WARN_UNUSED_VARIABLE = YES;
				IPHONEOS_DEPLOYMENT_TARGET = 14.1;
				MTL_ENABLE_DEBUG_INFO = NO;
				MTL_FAST_MATH = YES;
				SDKROOT = iphoneos;
				SWIFT_COMPILATION_MODE = wholemodule;
				SWIFT_OPTIMIZATION_LEVEL = "-O";
				VALIDATE_PRODUCT = YES;
			};
			name = Release;
		};
		EBFD5C85257E5BBF0049A1EC /* Debug */ = {
			isa = XCBuildConfiguration;
			buildSettings = {
				ASSETCATALOG_COMPILER_APPICON_NAME = AppIcon;
				ASSETCATALOG_COMPILER_GLOBAL_ACCENT_COLOR_NAME = AccentColor;
				CODE_SIGN_STYLE = Automatic;
				INFOPLIST_FILE = "photo-retouch/Info.plist";
				LD_RUNPATH_SEARCH_PATHS = (
					"$(inherited)",
					"@executable_path/Frameworks",
				);
				PRODUCT_BUNDLE_IDENTIFIER = "com.leokuo0724.photo-retouch";
				PRODUCT_NAME = "$(TARGET_NAME)";
				SWIFT_VERSION = 5.0;
				TARGETED_DEVICE_FAMILY = "1,2";
			};
			name = Debug;
		};
		EBFD5C86257E5BBF0049A1EC /* Release */ = {
			isa = XCBuildConfiguration;
			buildSettings = {
				ASSETCATALOG_COMPILER_APPICON_NAME = AppIcon;
				ASSETCATALOG_COMPILER_GLOBAL_ACCENT_COLOR_NAME = AccentColor;
				CODE_SIGN_STYLE = Automatic;
				INFOPLIST_FILE = "photo-retouch/Info.plist";
				LD_RUNPATH_SEARCH_PATHS = (
					"$(inherited)",
					"@executable_path/Frameworks",
				);
				PRODUCT_BUNDLE_IDENTIFIER = "com.leokuo0724.photo-retouch";
				PRODUCT_NAME = "$(TARGET_NAME)";
				SWIFT_VERSION = 5.0;
				TARGETED_DEVICE_FAMILY = "1,2";
			};
			name = Release;
		};
/* End XCBuildConfiguration section */

/* Begin XCConfigurationList section */
		EBFD5C6B257E5BBB0049A1EC /* Build configuration list for PBXProject "photo-retouch" */ = {
			isa = XCConfigurationList;
			buildConfigurations = (
				EBFD5C82257E5BBF0049A1EC /* Debug */,
				EBFD5C83257E5BBF0049A1EC /* Release */,
			);
			defaultConfigurationIsVisible = 0;
			defaultConfigurationName = Release;
		};
		EBFD5C84257E5BBF0049A1EC /* Build configuration list for PBXNativeTarget "photo-retouch" */ = {
			isa = XCConfigurationList;
			buildConfigurations = (
				EBFD5C85257E5BBF0049A1EC /* Debug */,
				EBFD5C86257E5BBF0049A1EC /* Release */,
			);
			defaultConfigurationIsVisible = 0;
			defaultConfigurationName = Release;
		};
/* End XCConfigurationList section */
	};
	rootObject = EBFD5C68257E5BBB0049A1EC /* Project object */;
}
